<?xml version="1.0" encoding="utf-8"?>
<Project ToolsVersion="4.0" xmlns="http://schemas.microsoft.com/developer/msbuild/2003">
  <ItemGroup>
    <Filter Include="Source Files">
      <UniqueIdentifier>{4FC737F1-C7A5-4376-A066-2A32D752A2FF}</UniqueIdentifier>
      <Extensions>cpp;c;cc;cxx;c++;cppm;ixx;def;odl;idl;hpj;bat;asm;asmx</Extensions>
    </Filter>
    <Filter Include="Header Files">
      <UniqueIdentifier>{93995380-89BD-4b04-88EB-625FBE52EBFB}</UniqueIdentifier>
      <Extensions>h;hh;hpp;hxx;h++;hm;inl;inc;ipp;xsd</Extensions>
    </Filter>
    <Filter Include="Resource Files">
      <UniqueIdentifier>{67DA6AB6-F800-4c08-8B7A-83BB121AAD01}</UniqueIdentifier>
      <Extensions>rc;ico;cur;bmp;dlg;rc2;rct;bin;rgs;gif;jpg;jpeg;jpe;resx;tiff;tif;png;wav;mfcribbon-ms</Extensions>
    </Filter>
  </ItemGroup>
  <ItemGroup>
    <ClCompile Include="Main.cpp">
      <Filter>Source Files</Filter>
    </ClCompile>
    <ClCompile Include="Src\GameManager.cpp">
      <Filter>Source Files</Filter>
    </ClCompile>
    <ClCompile Include="Src\GEKit\GEWindow.cpp">
      <Filter>Source Files</Filter>
    </ClCompile>
    <ClCompile Include="Src\Foundation\GELog.cpp">
      <Filter>Source Files</Filter>
    </ClCompile>
    <ClCompile Include="Src\Assets\GEResource.cpp">
      <Filter>Source Files</Filter>
    </ClCompile>
  </ItemGroup>
  <ItemGroup>
    <ClInclude Include="ThirdParty\GamesEngineeringBase.h">
      <Filter>Header Files</Filter>
    </ClInclude>
    <ClInclude Include="Src\GameManager.h">
      <Filter>Header Files</Filter>
    </ClInclude>
    <ClInclude Include="Src\GEKit\GEColor.h">
      <Filter>Header Files</Filter>
    </ClInclude>
    <ClInclude Include="Src\GEKit\GEWindow.h">
      <Filter>Header Files</Filter>
    </ClInclude>
    <ClInclude Include="Src\Foundation\GELog.h">
      <Filter>Header Files</Filter>
    </ClInclude>
    <ClInclude Include="Src\Foundation\GESTL.h">
      <Filter>Header Files</Filter>
    </ClInclude>
    <ClInclude Include="Src\Assets\GEResource.h">
      <Filter>Header Files</Filter>
    </ClInclude>
  </ItemGroup>
  <ItemGroup>
    <Image Include="Src\Assets\Fonts\SystemFont.bmp">
      <Filter>Resource Files</Filter>
    </Image>
    <Image Include="Src\Assets\Fonts\nullptr.png">
      <Filter>Resource Files</Filter>
    </Image>
    <Image Include="Src\Assets\Tiles\0.png">
      <Filter>Resource Files</Filter>
    </Image>
    <Image Include="Src\Assets\Tiles\1.png">
      <Filter>Resource Files</Filter>
    </Image>
    <Image Include="Src\Assets\Tiles\2.png">
      <Filter>Resource Files</Filter>
    </Image>
    <Image Include="Src\Assets\Tiles\3.png">
      <Filter>Resource Files</Filter>
    </Image>
    <Image Include="Src\Assets\Tiles\4.png">
      <Filter>Resource Files</Filter>
    </Image>
    <Image Include="Src\Assets\Tiles\5.png">
      <Filter>Resource Files</Filter>
    </Image>
    <Image Include="Src\Assets\Tiles\6.png">
      <Filter>Resource Files</Filter>
    </Image>
    <Image Include="Src\Assets\Tiles\7.png">
      <Filter>Resource Files</Filter>
    </Image>
    <Image Include="Src\Assets\Tiles\8.png">
      <Filter>Resource Files</Filter>
    </Image>
    <Image Include="Src\Assets\Tiles\9.png">
      <Filter>Resource Files</Filter>
    </Image>
    <Image Include="Src\Assets\Tiles\10.png">
      <Filter>Resource Files</Filter>
    </Image>
    <Image Include="Src\Assets\Tiles\11.png">
      <Filter>Resource Files</Filter>
    </Image>
    <Image Include="Src\Assets\Tiles\12.png">
      <Filter>Resource Files</Filter>
    </Image>
    <Image Include="Src\Assets\Tiles\13.png">
      <Filter>Resource Files</Filter>
    </Image>
    <Image Include="Src\Assets\Tiles\14.png">
      <Filter>Resource Files</Filter>
    </Image>
    <Image Include="Src\Assets\Tiles\15.png">
      <Filter>Resource Files</Filter>
    </Image>
    <Image Include="Src\Assets\Tiles\16.png">
      <Filter>Resource Files</Filter>
    </Image>
    <Image Include="Src\Assets\Tiles\17.png">
      <Filter>Resource Files</Filter>
    </Image>
    <Image Include="Src\Assets\Tiles\18.png">
      <Filter>Resource Files</Filter>
    </Image>
    <Image Include="Src\Assets\Tiles\19.png">
      <Filter>Resource Files</Filter>
    </Image>
    <Image Include="Src\Assets\Tiles\20.png">
      <Filter>Resource Files</Filter>
    </Image>
    <Image Include="Src\Assets\Tiles\21.png">
      <Filter>Resource Files</Filter>
    </Image>
    <Image Include="Src\Assets\Tiles\22.png">
      <Filter>Resource Files</Filter>
    </Image>
    <Image Include="Src\Assets\Tiles\23.png">
      <Filter>Resource Files</Filter>
    </Image>
    <Image Include="Src\Assets\Tiles\landscape.png">
      <Filter>Resource Files</Filter>
    </Image>
  </ItemGroup>
  <ItemGroup>
    <Text Include="Src\Assets\Tiles\tiles.txt" />
  </ItemGroup>
</Project>