<?xml version="1.0" encoding="utf-8"?>
<Project ToolsVersion="4.0" xmlns="http://schemas.microsoft.com/developer/msbuild/2003">
  <ItemGroup>
    <Filter Include="Source Files">
      <UniqueIdentifier>{4FC737F1-C7A5-4376-A066-2A32D752A2FF}</UniqueIdentifier>
      <Extensions>cpp;c;cc;cxx;c++;cppm;ixx;def;odl;idl;hpj;bat;asm;asmx</Extensions>
    </Filter>
    <Filter Include="Header Files">
      <UniqueIdentifier>{93995380-89BD-4b04-88EB-625FBE52EBFB}</UniqueIdentifier>
      <Extensions>h;hh;hpp;hxx;h++;hm;inl;inc;ipp;xsd</Extensions>
    </Filter>
    <Filter Include="Resource Files">
      <UniqueIdentifier>{67DA6AB6-F800-4c08-8B7A-83BB121AAD01}</UniqueIdentifier>
      <Extensions>rc;ico;cur;bmp;dlg;rc2;rct;bin;rgs;gif;jpg;jpeg;jpe;resx;tiff;tif;png;wav;mfcribbon-ms</Extensions>
    </Filter>
  </ItemGroup>
  <ItemGroup>
    <ClCompile Include="Main.cpp">
      <Filter>Source Files</Filter>
    </ClCompile>
    <ClCompile Include="Src\GameManager.cpp">
      <Filter>Source Files</Filter>
    </ClCompile>
    <ClCompile Include="Src\Foundation\GECamera.cpp">
      <Filter>Source Files</Filter>
    </ClCompile>
    <ClCompile Include="Src\Foundation\GEFont.cpp">
      <Filter>Source Files</Filter>
    </ClCompile>
    <ClCompile Include="Src\Foundation\GELog.cpp">
      <Filter>Source Files</Filter>
    </ClCompile>
    <ClCompile Include="Src\Foundation\GESaveData.cpp">
      <Filter>Source Files</Filter>
    </ClCompile>
    <ClCompile Include="Src\Core\Maps\GEMapsManager.cpp">
      <Filter>Source Files</Filter>
    </ClCompile>
    <ClCompile Include="Src\Core\Actors\GEPlayer.cpp">
      <Filter>Source Files</Filter>
    </ClCompile>
    <ClCompile Include="Src\Foundation\GEFrameTimer.h">
      <Filter>Source Files</Filter>
    </ClCompile>
    <ClCompile Include="Src\Core\Actors\GEEnemy.cpp">
      <Filter>Source Files</Filter>
    </ClCompile>
    <ClCompile Include="Src\Core\Actors\GEEnemyManager.cpp">
      <Filter>Source Files</Filter>
    </ClCompile>
    <ClCompile Include="Src\Foundation\GECollisible.cpp">
      <Filter>Source Files</Filter>
    </ClCompile>
    <ClCompile Include="Src\Foundation\GECollisible.h">
      <Filter>Header Files</Filter>
    </ClCompile>
    <ClCompile Include="Src\Core\Maps\GETiles.cpp">
      <Filter>Source Files</Filter>
    </ClCompile>
    <ClCompile Include="Src\Core\Actors\GEProjectile.cpp">
      <Filter>Source Files</Filter>
    </ClCompile>
    <ClCompile Include="Src\Core\Actors\GEProjectileManager.cpp">
      <Filter>Source Files</Filter>
    </ClCompile>
    <ClCompile Include="Src\Core\Actors\BaseCharacter.cpp">
      <Filter>Source Files</Filter>
    </ClCompile>
    <ClCompile Include="Src\Foundation\GEAnimation.cpp">
      <Filter>Source Files</Filter>
    </ClCompile>
  </ItemGroup>
  <ItemGroup>
    <ClInclude Include="ThirdParty\GamesEngineeringBase.h">
      <Filter>Header Files</Filter>
    </ClInclude>
    <ClInclude Include="Src\GameManager.h">
      <Filter>Header Files</Filter>
    </ClInclude>
    <ClInclude Include="Src\Foundation\GEWindow.h">
      <Filter>Header Files</Filter>
    </ClInclude>
    <ClInclude Include="Src\Foundation\GELog.h">
      <Filter>Header Files</Filter>
    </ClInclude>
    <ClInclude Include="Src\Foundation\GECamera.h">
      <Filter>Header Files</Filter>
    </ClInclude>
    <ClInclude Include="Src\Foundation\GEFont.h">
      <Filter>Header Files</Filter>
    </ClInclude>
    <ClInclude Include="Src\Foundation\GESaveData.h">
      <Filter>Header Files</Filter>
    </ClInclude>
    <ClInclude Include="Src\Core\Maps\GEMapsManager.h">
      <Filter>Header Files</Filter>
    </ClInclude>
    <ClInclude Include="Src\Core\Actors\GEPlayer.h">
      <Filter>Header Files</Filter>
    </ClInclude>
    <ClInclude Include="Src\Core\Actors\BaseCharacter.h">
      <Filter>Header Files</Filter>
    </ClInclude>
    <ClInclude Include="Src\Core\Actors\GEEnemy.h">
      <Filter>Header Files</Filter>
    </ClInclude>
    <ClInclude Include="Src\Core\Actors\GEEnemyManager.h">
      <Filter>Header Files</Filter>
    </ClInclude>
    <ClInclude Include="Src\Core\Maps\GETile.h">
      <Filter>Header Files</Filter>
    </ClInclude>
    <ClInclude Include="Src\Core\Actors\GEProjectile.h">
      <Filter>Header Files</Filter>
    </ClInclude>
    <ClInclude Include="Src\Core\Actors\GEProjectileManager.h">
      <Filter>Header Files</Filter>
    </ClInclude>
    <ClInclude Include="Src\Foundation\GEAnimation.h">
      <Filter>Header Files</Filter>
    </ClInclude>
  </ItemGroup>
  <ItemGroup>
    <Image Include="Src\Assets\Fonts\32.png">
      <Filter>Resource Files</Filter>
    </Image>
    <Image Include="Src\Assets\Fonts\33.png">
      <Filter>Resource Files</Filter>
    </Image>
    <Image Include="Src\Assets\Fonts\34.png">
      <Filter>Resource Files</Filter>
    </Image>
    <Image Include="Src\Assets\Fonts\35.png">
      <Filter>Resource Files</Filter>
    </Image>
    <Image Include="Src\Assets\Fonts\36.png">
      <Filter>Resource Files</Filter>
    </Image>
    <Image Include="Src\Assets\Fonts\37.png">
      <Filter>Resource Files</Filter>
    </Image>
    <Image Include="Src\Assets\Fonts\38.png">
      <Filter>Resource Files</Filter>
    </Image>
    <Image Include="Src\Assets\Fonts\39.png">
      <Filter>Resource Files</Filter>
    </Image>
    <Image Include="Src\Assets\Fonts\40.png">
      <Filter>Resource Files</Filter>
    </Image>
    <Image Include="Src\Assets\Fonts\41.png">
      <Filter>Resource Files</Filter>
    </Image>
    <Image Include="Src\Assets\Fonts\42.png">
      <Filter>Resource Files</Filter>
    </Image>
    <Image Include="Src\Assets\Fonts\43.png">
      <Filter>Resource Files</Filter>
    </Image>
    <Image Include="Src\Assets\Fonts\44.png">
      <Filter>Resource Files</Filter>
    </Image>
    <Image Include="Src\Assets\Fonts\45.png">
      <Filter>Resource Files</Filter>
    </Image>
    <Image Include="Src\Assets\Fonts\46.png">
      <Filter>Resource Files</Filter>
    </Image>
    <Image Include="Src\Assets\Fonts\47.png">
      <Filter>Resource Files</Filter>
    </Image>
    <Image Include="Src\Assets\Fonts\48.png">
      <Filter>Resource Files</Filter>
    </Image>
    <Image Include="Src\Assets\Fonts\49.png">
      <Filter>Resource Files</Filter>
    </Image>
    <Image Include="Src\Assets\Fonts\50.png">
      <Filter>Resource Files</Filter>
    </Image>
    <Image Include="Src\Assets\Fonts\51.png">
      <Filter>Resource Files</Filter>
    </Image>
    <Image Include="Src\Assets\Fonts\52.png">
      <Filter>Resource Files</Filter>
    </Image>
    <Image Include="Src\Assets\Fonts\53.png">
      <Filter>Resource Files</Filter>
    </Image>
    <Image Include="Src\Assets\Fonts\54.png">
      <Filter>Resource Files</Filter>
    </Image>
    <Image Include="Src\Assets\Fonts\55.png">
      <Filter>Resource Files</Filter>
    </Image>
    <Image Include="Src\Assets\Fonts\56.png">
      <Filter>Resource Files</Filter>
    </Image>
    <Image Include="Src\Assets\Fonts\57.png">
      <Filter>Resource Files</Filter>
    </Image>
    <Image Include="Src\Assets\Fonts\58.png">
      <Filter>Resource Files</Filter>
    </Image>
    <Image Include="Src\Assets\Fonts\59.png">
      <Filter>Resource Files</Filter>
    </Image>
    <Image Include="Src\Assets\Fonts\60.png">
      <Filter>Resource Files</Filter>
    </Image>
    <Image Include="Src\Assets\Fonts\61.png">
      <Filter>Resource Files</Filter>
    </Image>
    <Image Include="Src\Assets\Fonts\62.png">
      <Filter>Resource Files</Filter>
    </Image>
    <Image Include="Src\Assets\Fonts\63.png">
      <Filter>Resource Files</Filter>
    </Image>
    <Image Include="Src\Assets\Fonts\64.png">
      <Filter>Resource Files</Filter>
    </Image>
    <Image Include="Src\Assets\Fonts\65.png">
      <Filter>Resource Files</Filter>
    </Image>
    <Image Include="Src\Assets\Fonts\66.png">
      <Filter>Resource Files</Filter>
    </Image>
    <Image Include="Src\Assets\Fonts\67.png">
      <Filter>Resource Files</Filter>
    </Image>
    <Image Include="Src\Assets\Fonts\68.png">
      <Filter>Resource Files</Filter>
    </Image>
    <Image Include="Src\Assets\Fonts\69.png">
      <Filter>Resource Files</Filter>
    </Image>
    <Image Include="Src\Assets\Fonts\70.png">
      <Filter>Resource Files</Filter>
    </Image>
    <Image Include="Src\Assets\Fonts\71.png">
      <Filter>Resource Files</Filter>
    </Image>
    <Image Include="Src\Assets\Fonts\72.png">
      <Filter>Resource Files</Filter>
    </Image>
    <Image Include="Src\Assets\Fonts\73.png">
      <Filter>Resource Files</Filter>
    </Image>
    <Image Include="Src\Assets\Fonts\74.png">
      <Filter>Resource Files</Filter>
    </Image>
    <Image Include="Src\Assets\Fonts\75.png">
      <Filter>Resource Files</Filter>
    </Image>
    <Image Include="Src\Assets\Fonts\76.png">
      <Filter>Resource Files</Filter>
    </Image>
    <Image Include="Src\Assets\Fonts\77.png">
      <Filter>Resource Files</Filter>
    </Image>
    <Image Include="Src\Assets\Fonts\78.png">
      <Filter>Resource Files</Filter>
    </Image>
    <Image Include="Src\Assets\Fonts\79.png">
      <Filter>Resource Files</Filter>
    </Image>
    <Image Include="Src\Assets\Fonts\80.png">
      <Filter>Resource Files</Filter>
    </Image>
    <Image Include="Src\Assets\Fonts\81.png">
      <Filter>Resource Files</Filter>
    </Image>
    <Image Include="Src\Assets\Fonts\82.png">
      <Filter>Resource Files</Filter>
    </Image>
    <Image Include="Src\Assets\Fonts\83.png">
      <Filter>Resource Files</Filter>
    </Image>
    <Image Include="Src\Assets\Fonts\84.png">
      <Filter>Resource Files</Filter>
    </Image>
    <Image Include="Src\Assets\Fonts\85.png">
      <Filter>Resource Files</Filter>
    </Image>
    <Image Include="Src\Assets\Fonts\86.png">
      <Filter>Resource Files</Filter>
    </Image>
    <Image Include="Src\Assets\Fonts\87.png">
      <Filter>Resource Files</Filter>
    </Image>
    <Image Include="Src\Assets\Fonts\88.png">
      <Filter>Resource Files</Filter>
    </Image>
    <Image Include="Src\Assets\Fonts\89.png">
      <Filter>Resource Files</Filter>
    </Image>
    <Image Include="Src\Assets\Fonts\90.png">
      <Filter>Resource Files</Filter>
    </Image>
    <Image Include="Src\Assets\Fonts\91.png">
      <Filter>Resource Files</Filter>
    </Image>
    <Image Include="Src\Assets\Fonts\92.png">
      <Filter>Resource Files</Filter>
    </Image>
    <Image Include="Src\Assets\Fonts\93.png">
      <Filter>Resource Files</Filter>
    </Image>
    <Image Include="Src\Assets\Fonts\94.png">
      <Filter>Resource Files</Filter>
    </Image>
    <Image Include="Src\Assets\Fonts\95.png">
      <Filter>Resource Files</Filter>
    </Image>
    <Image Include="Src\Assets\Fonts\96.png">
      <Filter>Resource Files</Filter>
    </Image>
    <Image Include="Src\Assets\Fonts\97.png">
      <Filter>Resource Files</Filter>
    </Image>
    <Image Include="Src\Assets\Fonts\98.png">
      <Filter>Resource Files</Filter>
    </Image>
    <Image Include="Src\Assets\Fonts\99.png">
      <Filter>Resource Files</Filter>
    </Image>
    <Image Include="Src\Assets\Fonts\100.png">
      <Filter>Resource Files</Filter>
    </Image>
    <Image Include="Src\Assets\Fonts\101.png">
      <Filter>Resource Files</Filter>
    </Image>
    <Image Include="Src\Assets\Fonts\102.png">
      <Filter>Resource Files</Filter>
    </Image>
    <Image Include="Src\Assets\Fonts\103.png">
      <Filter>Resource Files</Filter>
    </Image>
    <Image Include="Src\Assets\Fonts\104.png">
      <Filter>Resource Files</Filter>
    </Image>
    <Image Include="Src\Assets\Fonts\105.png">
      <Filter>Resource Files</Filter>
    </Image>
    <Image Include="Src\Assets\Fonts\106.png">
      <Filter>Resource Files</Filter>
    </Image>
    <Image Include="Src\Assets\Fonts\107.png">
      <Filter>Resource Files</Filter>
    </Image>
    <Image Include="Src\Assets\Fonts\108.png">
      <Filter>Resource Files</Filter>
    </Image>
    <Image Include="Src\Assets\Fonts\109.png">
      <Filter>Resource Files</Filter>
    </Image>
    <Image Include="Src\Assets\Fonts\110.png">
      <Filter>Resource Files</Filter>
    </Image>
    <Image Include="Src\Assets\Fonts\111.png">
      <Filter>Resource Files</Filter>
    </Image>
    <Image Include="Src\Assets\Fonts\112.png">
      <Filter>Resource Files</Filter>
    </Image>
    <Image Include="Src\Assets\Fonts\113.png">
      <Filter>Resource Files</Filter>
    </Image>
    <Image Include="Src\Assets\Fonts\114.png">
      <Filter>Resource Files</Filter>
    </Image>
    <Image Include="Src\Assets\Fonts\115.png">
      <Filter>Resource Files</Filter>
    </Image>
    <Image Include="Src\Assets\Fonts\116.png">
      <Filter>Resource Files</Filter>
    </Image>
    <Image Include="Src\Assets\Fonts\117.png">
      <Filter>Resource Files</Filter>
    </Image>
    <Image Include="Src\Assets\Fonts\118.png">
      <Filter>Resource Files</Filter>
    </Image>
    <Image Include="Src\Assets\Fonts\119.png">
      <Filter>Resource Files</Filter>
    </Image>
    <Image Include="Src\Assets\Fonts\120.png">
      <Filter>Resource Files</Filter>
    </Image>
    <Image Include="Src\Assets\Fonts\121.png">
      <Filter>Resource Files</Filter>
    </Image>
    <Image Include="Src\Assets\Fonts\122.png">
      <Filter>Resource Files</Filter>
    </Image>
    <Image Include="Src\Assets\Fonts\123.png">
      <Filter>Resource Files</Filter>
    </Image>
    <Image Include="Src\Assets\Fonts\124.png">
      <Filter>Resource Files</Filter>
    </Image>
    <Image Include="Src\Assets\Fonts\125.png">
      <Filter>Resource Files</Filter>
    </Image>
    <Image Include="Src\Assets\Fonts\126.png">
      <Filter>Resource Files</Filter>
    </Image>
    <Image Include="Src\SaveGames\landscape.png">
      <Filter>Resource Files</Filter>
    </Image>
    <Image Include="Src\Assets\MapTiles\0.png">
      <Filter>Resource Files</Filter>
    </Image>
    <Image Include="Src\Assets\MapTiles\1.png">
      <Filter>Resource Files</Filter>
    </Image>
    <Image Include="Src\Assets\MapTiles\2.png">
      <Filter>Resource Files</Filter>
    </Image>
    <Image Include="Src\Assets\MapTiles\3.png">
      <Filter>Resource Files</Filter>
    </Image>
    <Image Include="Src\Assets\MapTiles\4.png">
      <Filter>Resource Files</Filter>
    </Image>
    <Image Include="Src\Assets\MapTiles\5.png">
      <Filter>Resource Files</Filter>
    </Image>
    <Image Include="Src\Assets\MapTiles\6.png">
      <Filter>Resource Files</Filter>
    </Image>
    <Image Include="Src\Assets\MapTiles\7.png">
      <Filter>Resource Files</Filter>
    </Image>
    <Image Include="Src\Assets\MapTiles\8.png">
      <Filter>Resource Files</Filter>
    </Image>
    <Image Include="Src\Assets\MapTiles\9.png">
      <Filter>Resource Files</Filter>
    </Image>
    <Image Include="Src\Assets\MapTiles\10.png">
      <Filter>Resource Files</Filter>
    </Image>
    <Image Include="Src\Assets\MapTiles\11.png">
      <Filter>Resource Files</Filter>
    </Image>
    <Image Include="Src\Assets\MapTiles\12.png">
      <Filter>Resource Files</Filter>
    </Image>
    <Image Include="Src\Assets\MapTiles\13.png">
      <Filter>Resource Files</Filter>
    </Image>
    <Image Include="Src\Assets\MapTiles\14.png">
      <Filter>Resource Files</Filter>
    </Image>
    <Image Include="Src\Assets\MapTiles\15.png">
      <Filter>Resource Files</Filter>
    </Image>
    <Image Include="Src\Assets\MapTiles\16.png">
      <Filter>Resource Files</Filter>
    </Image>
    <Image Include="Src\Assets\MapTiles\17.png">
      <Filter>Resource Files</Filter>
    </Image>
    <Image Include="Src\Assets\MapTiles\18.png">
      <Filter>Resource Files</Filter>
    </Image>
    <Image Include="Src\Assets\MapTiles\19.png">
      <Filter>Resource Files</Filter>
    </Image>
    <Image Include="Src\Assets\MapTiles\20.png">
      <Filter>Resource Files</Filter>
    </Image>
    <Image Include="Src\Assets\MapTiles\21.png">
      <Filter>Resource Files</Filter>
    </Image>
    <Image Include="Src\Assets\MapTiles\22.png">
      <Filter>Resource Files</Filter>
    </Image>
    <Image Include="Src\Assets\MapTiles\23.png">
      <Filter>Resource Files</Filter>
    </Image>
    <Image Include="Src\Assets\Textures\player.png">
      <Filter>Resource Files</Filter>
    </Image>
    <Image Include="Src\Assets\Textures\enemy_fast.png">
      <Filter>Resource Files</Filter>
    </Image>
    <Image Include="Src\Assets\Textures\enemy_heavy.png">
      <Filter>Resource Files</Filter>
    </Image>
    <Image Include="Src\Assets\Textures\enemy_normal.png">
      <Filter>Resource Files</Filter>
    </Image>
    <Image Include="Src\Assets\Textures\enemy_static.png">
      <Filter>Resource Files</Filter>
    </Image>
    <Image Include="Src\Assets\Textures\arrow.png">
      <Filter>Resource Files</Filter>
    </Image>
    <Image Include="Src\Assets\Textures\enemy_bullet.png">
      <Filter>Resource Files</Filter>
    </Image>
  </ItemGroup>
  <ItemGroup>
    <Text Include="Src\SaveGames\tiles.txt" />
  </ItemGroup>
</Project>